
Microsoft Visual Studio Solution File, Format Version 12.00
# Visual Studio Version 16
VisualStudioVersion = 16.0.31727.386
MinimumVisualStudioVersion = 10.0.40219.1
Project("{FAE04EC0-301F-11D3-BF4B-00C04F79EFBC}") = "ConsoleApp11", "ConsoleApp11\ConsoleApp11.csproj", "{E9AA428D-D681-48BF-9DDB-ECD757B50DE5}"
EndProject
Global
	GlobalSection(SolutionConfigurationPlatforms) = preSolution
		Debug|Any CPU = Debug|Any CPU
		Release|Any CPU = Release|Any CPU
	EndGlobalSection
	GlobalSection(ProjectConfigurationPlatforms) = postSolution
		{E9AA428D-D681-48BF-9DDB-ECD757B50DE5}.Debug|Any CPU.ActiveCfg = Debug|Any CPU
		{E9AA428D-D681-48BF-9DDB-ECD757B50DE5}.Debug|Any CPU.Build.0 = Debug|Any CPU
		{E9AA428D-D681-48BF-9DDB-ECD757B50DE5}.Release|Any CPU.ActiveCfg = Release|Any CPU
		{E9AA428D-D681-48BF-9DDB-ECD757B50DE5}.Release|Any CPU.Build.0 = Release|Any CPU
	EndGlobalSection
	GlobalSection(SolutionProperties) = preSolution
		HideSolutionNode = FALSE
	EndGlobalSection
	GlobalSection(ExtensibilityGlobals) = postSolution
		SolutionGuid = {BAAB6E68-D0EF-48ED-B267-F97AD4F8EA40}
	EndGlobalSection
EndGlobal
